
Microsoft Visual Studio Solution File, Format Version 12.00
# Visual Studio 14
VisualStudioVersion = 14.0.25420.1
MinimumVisualStudioVersion = 10.0.40219.1
Project("{FAE04EC0-301F-11D3-BF4B-00C04F79EFBC}") = "Quiz.Accounts", "Quiz.Accounts\Quiz.Accounts.csproj", "{069C9A49-F6B1-4088-84E5-5BA92F1A1BAE}"
EndProject
Project("{FAE04EC0-301F-11D3-BF4B-00C04F79EFBC}") = "Quiz.Accounts.Test", "Quiz.Accounts.Test\Quiz.Accounts.Test.csproj", "{F3F4C86D-06CD-4DB1-962C-1D9C01254D24}"
EndProject
Global
	GlobalSection(SolutionConfigurationPlatforms) = preSolution
		Debug|Any CPU = Debug|Any CPU
		Release|Any CPU = Release|Any CPU
	EndGlobalSection
	GlobalSection(ProjectConfigurationPlatforms) = postSolution
		{069C9A49-F6B1-4088-84E5-5BA92F1A1BAE}.Debug|Any CPU.ActiveCfg = Debug|Any CPU
		{069C9A49-F6B1-4088-84E5-5BA92F1A1BAE}.Debug|Any CPU.Build.0 = Debug|Any CPU
		{069C9A49-F6B1-4088-84E5-5BA92F1A1BAE}.Release|Any CPU.ActiveCfg = Release|Any CPU
		{069C9A49-F6B1-4088-84E5-5BA92F1A1BAE}.Release|Any CPU.Build.0 = Release|Any CPU
		{F3F4C86D-06CD-4DB1-962C-1D9C01254D24}.Debug|Any CPU.ActiveCfg = Debug|Any CPU
		{F3F4C86D-06CD-4DB1-962C-1D9C01254D24}.Debug|Any CPU.Build.0 = Debug|Any CPU
		{F3F4C86D-06CD-4DB1-962C-1D9C01254D24}.Release|Any CPU.ActiveCfg = Release|Any CPU
		{F3F4C86D-06CD-4DB1-962C-1D9C01254D24}.Release|Any CPU.Build.0 = Release|Any CPU
	EndGlobalSection
	GlobalSection(SolutionProperties) = preSolution
		HideSolutionNode = FALSE
	EndGlobalSection
EndGlobal
